
Microsoft Visual Studio Solution File, Format Version 12.00
# Visual Studio Version 16
VisualStudioVersion = 16.0.30114.105
MinimumVisualStudioVersion = 10.0.40219.1
Project("{FAE04EC0-301F-11D3-BF4B-00C04F79EFBC}") = "TemperatureTool.App", "TemperatureTool.App\TemperatureTool.App.csproj", "{FBC76F9E-3CC2-4C7F-B1D2-8CB66D60FCFC}"
EndProject
Project("{FAE04EC0-301F-11D3-BF4B-00C04F79EFBC}") = "TemperatureTool.Library", "TemperatureTool.Library\TemperatureTool.Library.csproj", "{4F7A70A4-772B-4D89-A086-813C3B8AF1C0}"
EndProject
Global
	GlobalSection(SolutionConfigurationPlatforms) = preSolution
		Debug|Any CPU = Debug|Any CPU
		Release|Any CPU = Release|Any CPU
	EndGlobalSection
	GlobalSection(SolutionProperties) = preSolution
		HideSolutionNode = FALSE
	EndGlobalSection
	GlobalSection(ProjectConfigurationPlatforms) = postSolution
		{FBC76F9E-3CC2-4C7F-B1D2-8CB66D60FCFC}.Debug|Any CPU.ActiveCfg = Debug|Any CPU
		{FBC76F9E-3CC2-4C7F-B1D2-8CB66D60FCFC}.Debug|Any CPU.Build.0 = Debug|Any CPU
		{FBC76F9E-3CC2-4C7F-B1D2-8CB66D60FCFC}.Release|Any CPU.ActiveCfg = Release|Any CPU
		{FBC76F9E-3CC2-4C7F-B1D2-8CB66D60FCFC}.Release|Any CPU.Build.0 = Release|Any CPU
		{4F7A70A4-772B-4D89-A086-813C3B8AF1C0}.Debug|Any CPU.ActiveCfg = Debug|Any CPU
		{4F7A70A4-772B-4D89-A086-813C3B8AF1C0}.Debug|Any CPU.Build.0 = Debug|Any CPU
		{4F7A70A4-772B-4D89-A086-813C3B8AF1C0}.Release|Any CPU.ActiveCfg = Release|Any CPU
		{4F7A70A4-772B-4D89-A086-813C3B8AF1C0}.Release|Any CPU.Build.0 = Release|Any CPU
	EndGlobalSection
EndGlobal
